Microsoft Visual Studio Solution File, Format Version 12.00
# Visual Studio Version 17
VisualStudioVersion = 17.5.2.0
MinimumVisualStudioVersion = 10.0.40219.1
Project("{FAE04EC0-301F-11D3-BF4B-00C04F79EFBC}") = "HandyMan.API", "HandyMan.API.csproj", "{98D499DD-285A-A314-711D-8B6135388EC7}"
EndProject
Global
	GlobalSection(SolutionConfigurationPlatforms) = preSolution
		Debug|Any CPU = Debug|Any CPU
		Release|Any CPU = Release|Any CPU
	EndGlobalSection
	GlobalSection(ProjectConfigurationPlatforms) = postSolution
		{98D499DD-285A-A314-711D-8B6135388EC7}.Debug|Any CPU.ActiveCfg = Debug|Any CPU
		{98D499DD-285A-A314-711D-8B6135388EC7}.Debug|Any CPU.Build.0 = Debug|Any CPU
		{98D499DD-285A-A314-711D-8B6135388EC7}.Release|Any CPU.ActiveCfg = Release|Any CPU
		{98D499DD-285A-A314-711D-8B6135388EC7}.Release|Any CPU.Build.0 = Release|Any CPU
	EndGlobalSection
	GlobalSection(SolutionProperties) = preSolution
		HideSolutionNode = FALSE
	EndGlobalSection
	GlobalSection(ExtensibilityGlobals) = postSolution
		SolutionGuid = {31737524-5CDB-4B7A-8A6F-A1ABE3500855}
	EndGlobalSection
EndGlobal
